# This file was autogenerated by Stack.
# You should not edit this file by hand.
# For more information, please see the documentation at:
#   https://docs.haskellstack.org/en/stable/lock_files

packages:
- completed:
    hackage: accelerate-1.3.0.0@sha256:f19e43687e9a306fddaddfa68a764b157ceb2522d9a821e31bc3353c730fda2b,20995
    pantry-tree:
      size: 13459
      sha256: 00e83fbc4576aea9d8efdaf4e04fa2a6d1c5a1551bd733a63f4b7aaf46b472c9
  original:
    hackage: accelerate-1.3.0.0
- completed:
    hackage: accelerate-llvm-1.3.0.0@sha256:06dc3779b3577ed41b2ddf2421452b566f290dce53df83d027938d41f2d5ec82,6054
    pantry-tree:
      size: 4685
      sha256: 2d427a3426a3a5c1a60aec58dd079cc12a0db28f69ea022b042e94775a690d1a
  original:
    hackage: accelerate-llvm-1.3.0.0
- completed:
    hackage: accelerate-llvm-native-1.3.0.0@sha256:8d0b8fcbce1595cb380ee6bb892efffeb3abffd050550322d8b35b7f23e27481,6329
    pantry-tree:
      size: 3677
      sha256: d0e5ff709881066cb4fcd27326aa15bd5817e25a1c9ef869d7f845905bfc826c
  original:
    hackage: accelerate-llvm-native-1.3.0.0
- completed:
    hackage: lens-accelerate-0.3.0.0@sha256:782bb148e47babdd90a146879066de935e63269ebe800091c7ecc59eba7973bf,1431
    pantry-tree:
      size: 692
      sha256: c70c9f6fe85d96c7a271dbe808a7e04563424de259a69e347957f38efac5b5c3
  original:
    hackage: lens-accelerate-0.3.0.0
- completed:
    hackage: llvm-hs-9.0.1@sha256:ee6ec2eb8cba4daf2a43586388a87dbfd6a2ec6d81d1f9965896ac187acad286,8700
    pantry-tree:
      size: 13599
      sha256: 537616dec1351bd9f7905182f82f132359cf3058ebbb059c03b4edcef04b2689
  original:
    hackage: llvm-hs-9.0.1
- completed:
    hackage: llvm-hs-pure-9.0.0@sha256:134779f40086a366279f678e670b610d7a7618b28dd43f65894078fd20e04629,2945
    pantry-tree:
      size: 2600
      sha256: f1a83aa959b69b72342997fc4fdc352086bc3b9f306cfb6a4c8bbc850d36b4fb
  original:
    hackage: llvm-hs-pure-9.0.0
- completed:
    hackage: nvvm-0.10.0.0@sha256:387b3406b66ed5d8c1f0d8d498b8508fe2dade6e3517d1bfaac7d6fe646a336a,2440
    pantry-tree:
      size: 684
      sha256: cdf6f84fbcf939b86492e85fe680902c90201493f27c944c593982fd4b1a23d1
  original:
    hackage: nvvm-0.10.0.0
- completed:
    hackage: lens-4.19.2@sha256:d4d704141d7c322bbfb746157b0709f3b966dfec92421f571c34069893af08cc,16062
    pantry-tree:
      size: 8330
      sha256: 4f42e9dc7319a047dddd8dd090aa705bf35638670d06b783c1c310b56650167e
  original:
    hackage: lens-4.19.2
snapshots:
- completed:
    size: 567679
    url: https://raw.githubusercontent.com/commercialhaskell/stackage-snapshots/master/lts/17/15.yaml
    sha256: 72e87841a0ab5b72f6f018e8ee692fd972b7bb32a944990f028e10d6eb528e63
  original:
    url: https://raw.githubusercontent.com/commercialhaskell/stackage-snapshots/master/lts/17/15.yaml
